
Microsoft Visual Studio Solution File, Format Version 12.00
# Visual Studio Version 16
VisualStudioVersion = 16.0.31515.178
MinimumVisualStudioVersion = 10.0.40219.1
Project("{FAE04EC0-301F-11D3-BF4B-00C04F79EFBC}") = "Kafka.Confluent", "Kafka.Confluent\Kafka.csproj", "{E0D12BAC-97E2-4E2B-A9AC-326D2E55E2BA}"
EndProject
Global
	GlobalSection(SolutionConfigurationPlatforms) = preSolution
		Debug|Any CPU = Debug|Any CPU
		Release|Any CPU = Release|Any CPU
	EndGlobalSection
	GlobalSection(ProjectConfigurationPlatforms) = postSolution
		{E0D12BAC-97E2-4E2B-A9AC-326D2E55E2BA}.Debug|Any CPU.ActiveCfg = Debug|Any CPU
		{E0D12BAC-97E2-4E2B-A9AC-326D2E55E2BA}.Debug|Any CPU.Build.0 = Debug|Any CPU
		{E0D12BAC-97E2-4E2B-A9AC-326D2E55E2BA}.Release|Any CPU.ActiveCfg = Release|Any CPU
		{E0D12BAC-97E2-4E2B-A9AC-326D2E55E2BA}.Release|Any CPU.Build.0 = Release|Any CPU
	EndGlobalSection
	GlobalSection(SolutionProperties) = preSolution
		HideSolutionNode = FALSE
	EndGlobalSection
	GlobalSection(ExtensibilityGlobals) = postSolution
		SolutionGuid = {9D1140C0-A022-4140-B8DE-4E224E33988D}
	EndGlobalSection
EndGlobal
